
Microsoft Visual Studio Solution File, Format Version 12.00
# Visual Studio Version 17
VisualStudioVersion = 17.8.34511.84
MinimumVisualStudioVersion = 10.0.40219.1
Project("{9A19103F-16F7-4668-BE54-9A1E7A4F7556}") = "DAW.PRO.2.5.RandomWalker", "DAW.PRO.2.5.RandomWalker.csproj", "{F815980D-C523-47A9-8122-38DB813418C5}"
EndProject
Global
	GlobalSection(SolutionConfigurationPlatforms) = preSolution
		Debug|Any CPU = Debug|Any CPU
		Release|Any CPU = Release|Any CPU
	EndGlobalSection
	GlobalSection(ProjectConfigurationPlatforms) = postSolution
		{F815980D-C523-47A9-8122-38DB813418C5}.Debug|Any CPU.ActiveCfg = Debug|Any CPU
		{F815980D-C523-47A9-8122-38DB813418C5}.Debug|Any CPU.Build.0 = Debug|Any CPU
		{F815980D-C523-47A9-8122-38DB813418C5}.Release|Any CPU.ActiveCfg = Debug|Any CPU
		{F815980D-C523-47A9-8122-38DB813418C5}.Release|Any CPU.Build.0 = Debug|Any CPU
	EndGlobalSection
	GlobalSection(SolutionProperties) = preSolution
		HideSolutionNode = FALSE
	EndGlobalSection
	GlobalSection(ExtensibilityGlobals) = postSolution
		SolutionGuid = {AE5CD461-93DB-48E7-AB87-5ECF948696FA}
	EndGlobalSection
EndGlobal
